Microsoft Visual Studio Solution File, Format Version 12.00
# Visual Studio Version 17
VisualStudioVersion = 17.13.35931.197
MinimumVisualStudioVersion = 10.0.40219.1
Project("{FAE04EC0-301F-11D3-BF4B-00C04F79EFBC}") = "Lista1", "Lista1.csproj", "{9932E44E-1306-401E-97ED-64CABA365276}"
EndProject
Global
	GlobalSection(SolutionConfigurationPlatforms) = preSolution
		Debug|Any CPU = Debug|Any CPU
		Release|Any CPU = Release|Any CPU
	EndGlobalSection
	GlobalSection(ProjectConfigurationPlatforms) = postSolution
		{9932E44E-1306-401E-97ED-64CABA365276}.Debug|Any CPU.ActiveCfg = Debug|Any CPU
		{9932E44E-1306-401E-97ED-64CABA365276}.Debug|Any CPU.Build.0 = Debug|Any CPU
		{9932E44E-1306-401E-97ED-64CABA365276}.Release|Any CPU.ActiveCfg = Release|Any CPU
		{9932E44E-1306-401E-97ED-64CABA365276}.Release|Any CPU.Build.0 = Release|Any CPU
	EndGlobalSection
	GlobalSection(SolutionProperties) = preSolution
		HideSolutionNode = FALSE
	EndGlobalSection
	GlobalSection(ExtensibilityGlobals) = postSolution
		SolutionGuid = {C45EE774-F014-41F8-BE6C-6A3C20DAE878}
	EndGlobalSection
EndGlobal
